// !$*UTF8*$!
{
	archiveVersion = 1;
	classes = {
	};
	objectVersion = 52;
	objects = {

/* Begin PBXBuildFile section */
		E701F62825B136BA00B78551 /* Localizable.strings in Resources */ = {isa = PBXBuildFile; fileRef = E701F62A25B136BA00B78551 /* Localizable.strings */; };
		E708AAEB24EDF3F500ECE5F8 /* CloudKit.framework in Frameworks */ = {isa = PBXBuildFile; fileRef = E708AAEA24EDF3F500ECE5F8 /* CloudKit.framework */; };
		E709A85F25085A7600C518EE /* ActivityViewController.swift in Sources */ = {isa = PBXBuildFile; fileRef = E709A85E25085A7600C518EE /* ActivityViewController.swift */; };
		E70A893A25910A0D009EF078 /* ContextCategory.swift in Sources */ = {isa = PBXBuildFile; fileRef = E70A893925910A0D009EF078 /* ContextCategory.swift */; };
		E70A89462591126E009EF078 /* ContextCategorySelection.swift in Sources */ = {isa = PBXBuildFile; fileRef = E70A89452591126E009EF078 /* ContextCategorySelection.swift */; };
		E70A8987259969E7009EF078 /* InitialOnboardingView.swift in Sources */ = {isa = PBXBuildFile; fileRef = E70A8986259969E7009EF078 /* InitialOnboardingView.swift */; };
		E70A8993259969F4009EF078 /* LogOnboardingView.swift in Sources */ = {isa = PBXBuildFile; fileRef = E70A8992259969F4009EF078 /* LogOnboardingView.swift */; };
		E70A899B259C239A009EF078 /* OnboardingContent.swift in Sources */ = {isa = PBXBuildFile; fileRef = E70A899A259C239A009EF078 /* OnboardingContent.swift */; };
		E70A89A2259C23B5009EF078 /* OnboardingShell.swift in Sources */ = {isa = PBXBuildFile; fileRef = E70A89A1259C23B5009EF078 /* OnboardingShell.swift */; };
		E70DCC47257C16E400B4F13D /* CategoryStore.swift in Sources */ = {isa = PBXBuildFile; fileRef = E70DCC46257C16E400B4F13D /* CategoryStore.swift */; };
		E70DCC5E257D636400B4F13D /* DataStore.swift in Sources */ = {isa = PBXBuildFile; fileRef = E70DCC5D257D636400B4F13D /* DataStore.swift */; };
		E70DCC74257D66B900B4F13D /* EnvironmentValues+.swift in Sources */ = {isa = PBXBuildFile; fileRef = E70DCC73257D66B900B4F13D /* EnvironmentValues+.swift */; };
		E70DCC80257D692100B4F13D /* ActivityStore.swift in Sources */ = {isa = PBXBuildFile; fileRef = E70DCC7F257D692100B4F13D /* ActivityStore.swift */; };
		E70DCC87257D692A00B4F13D /* UserConfigStore.swift in Sources */ = {isa = PBXBuildFile; fileRef = E70DCC86257D692A00B4F13D /* UserConfigStore.swift */; };
		E71B3BAE255CCE210056677E /* Date+.swift in Sources */ = {isa = PBXBuildFile; fileRef = E71B3BA0255CCDAE0056677E /* Date+.swift */; };
		E726EEE5250B0D3700CBEAF5 /* Color+.swift in Sources */ = {isa = PBXBuildFile; fileRef = E726EEE4250B0D3700CBEAF5 /* Color+.swift */; };
		E72C19AD25378D070009C935 /* AddNewActivityIntentHandler.swift in Sources */ = {isa = PBXBuildFile; fileRef = E72C19AC25378D070009C935 /* AddNewActivityIntentHandler.swift */; };
		E7336F97252D4FE8001414B4 /* TimeIntervalTests.swift in Sources */ = {isa = PBXBuildFile; fileRef = E7336F96252D4FE8001414B4 /* TimeIntervalTests.swift */; };
		E73524F62536911600A60541 /* FirstResponderTextField.swift in Sources */ = {isa = PBXBuildFile; fileRef = E73524F52536911600A60541 /* FirstResponderTextField.swift */; };
		E736236A24E328BA00C6FFD3 /* CategoryRow.swift in Sources */ = {isa = PBXBuildFile; fileRef = E736236924E328BA00C6FFD3 /* CategoryRow.swift */; };
		E737A9F324FF1F570094746D /* ExportManager.swift in Sources */ = {isa = PBXBuildFile; fileRef = E737A9F224FF1F570094746D /* ExportManager.swift */; };
		E75079A6253926E50060D010 /* BusylessDataLayerTests.swift in Sources */ = {isa = PBXBuildFile; fileRef = E75079A5253926E50060D010 /* BusylessDataLayerTests.swift */; };
		E75BFE4A254B93DF000A947B /* StatefullPreviewWrapper.swift in Sources */ = {isa = PBXBuildFile; fileRef = E75BFE49254B93DF000A947B /* StatefullPreviewWrapper.swift */; };
		E7619B522550EC9F00B06A24 /* MonthView.swift in Sources */ = {isa = PBXBuildFile; fileRef = E7619B512550EC9F00B06A24 /* MonthView.swift */; };
		E77AF01324EB2B7500E621C6 /* TimeInterval+.swift in Sources */ = {isa = PBXBuildFile; fileRef = E77AF01224EB2B7500E621C6 /* TimeInterval+.swift */; };
		E77AF01524EB612A00E621C6 /* CategoryDetailView.swift in Sources */ = {isa = PBXBuildFile; fileRef = E77AF01424EB612A00E621C6 /* CategoryDetailView.swift */; };
		E780FC4824E9945000F9C2B6 /* NSManagedObject+.swift in Sources */ = {isa = PBXBuildFile; fileRef = E780FC4724E9945000F9C2B6 /* NSManagedObject+.swift */; };
		E780FC4E24E9A5BE00F9C2B6 /* CategorySelection.swift in Sources */ = {isa = PBXBuildFile; fileRef = E780FC4D24E9A5BE00F9C2B6 /* CategorySelection.swift */; };
		E780FC5324E9A7E000F9C2B6 /* CategoryTests.swift in Sources */ = {isa = PBXBuildFile; fileRef = E780FC5224E9A7E000F9C2B6 /* CategoryTests.swift */; };
		E780FC5524E9B37500F9C2B6 /* LogView.swift in Sources */ = {isa = PBXBuildFile; fileRef = E780FC5424E9B37500F9C2B6 /* LogView.swift */; };
		E786CA4324E488FF00B27D8E /* MainView.swift in Sources */ = {isa = PBXBuildFile; fileRef = E786CA4224E488FF00B27D8E /* MainView.swift */; };
		E786CA4524E4967D00B27D8E /* TodayStatus.swift in Sources */ = {isa = PBXBuildFile; fileRef = E786CA4424E4967D00B27D8E /* TodayStatus.swift */; };
		E7947FC524DF7CD5006B7859 /* BusylessApp.swift in Sources */ = {isa = PBXBuildFile; fileRef = E7947FC424DF7CD5006B7859 /* BusylessApp.swift */; };
		E7947FCC24DF7CD5006B7859 /* DayView.swift in Sources */ = {isa = PBXBuildFile; fileRef = E7947FCB24DF7CD5006B7859 /* DayView.swift */; };
		E7947FCE24DF7CD6006B7859 /* Assets.xcassets in Resources */ = {isa = PBXBuildFile; fileRef = E7947FCD24DF7CD6006B7859 /* Assets.xcassets */; };
		E7947FD124DF7CD6006B7859 /* PreviewAssets.xcassets in Resources */ = {isa = PBXBuildFile; fileRef = E7947FD024DF7CD6006B7859 /* PreviewAssets.xcassets */; };
		E7947FD424DF7CD6006B7859 /* LaunchScreen.storyboard in Resources */ = {isa = PBXBuildFile; fileRef = E7947FD224DF7CD6006B7859 /* LaunchScreen.storyboard */; };
		E7947FDF24DF7CD6006B7859 /* BusylessTests.swift in Sources */ = {isa = PBXBuildFile; fileRef = E7947FDE24DF7CD6006B7859 /* BusylessTests.swift */; };
		E7947FEA24DF7CD6006B7859 /* BusylessUITests.swift in Sources */ = {isa = PBXBuildFile; fileRef = E7947FE924DF7CD6006B7859 /* BusylessUITests.swift */; };
		E7947FF824DF8072006B7859 /* AddNewActivityView.swift in Sources */ = {isa = PBXBuildFile; fileRef = E7947FF724DF8072006B7859 /* AddNewActivityView.swift */; };
		E796F20725479C8200F7106B /* DurationSlider.swift in Sources */ = {isa = PBXBuildFile; fileRef = E796F20625479C8200F7106B /* DurationSlider.swift */; };
		E7A79BA425B36C1B00D8CB9D /* ManageContextCategoryView.swift in Sources */ = {isa = PBXBuildFile; fileRef = E7A79BA325B36C1B00D8CB9D /* ManageContextCategoryView.swift */; };
		E7A79BBA25B3707B00D8CB9D /* AddNewCategoryView.swift in Sources */ = {isa = PBXBuildFile; fileRef = E7A79BB925B3707B00D8CB9D /* AddNewCategoryView.swift */; };
		E7A79BCB25B3742D00D8CB9D /* BusylessIntents.intentdefinition in Sources */ = {isa = PBXBuildFile; fileRef = E7A79BCE25B3742D00D8CB9D /* BusylessIntents.intentdefinition */; };
		E7A79BCC25B3742D00D8CB9D /* BusylessIntents.intentdefinition in Sources */ = {isa = PBXBuildFile; fileRef = E7A79BCE25B3742D00D8CB9D /* BusylessIntents.intentdefinition */; settings = {ATTRIBUTES = (no_codegen, ); }; };
		E7AE16A7252EA03000B5654F /* IntentHandler.swift in Sources */ = {isa = PBXBuildFile; fileRef = E7AE16A6252EA03000B5654F /* IntentHandler.swift */; };
		E7AE16AB252EA03000B5654F /* BusylessIntents.appex in Embed App Extensions */ = {isa = PBXBuildFile; fileRef = E7AE16A4252EA03000B5654F /* BusylessIntents.appex */; settings = {ATTRIBUTES = (RemoveHeadersOnCopy, ); }; };
		E7B24FF325BCBA780012556C /* CommonFlows.swift in Sources */ = {isa = PBXBuildFile; fileRef = E7B24FF225BCBA780012556C /* CommonFlows.swift */; };
		E7B2500825BCC8980012556C /* DayViewTests.swift in Sources */ = {isa = PBXBuildFile; fileRef = E7B2500725BCC8980012556C /* DayViewTests.swift */; };
		E7B2501D25BCCAAE0012556C /* ViewInspector in Frameworks */ = {isa = PBXBuildFile; productRef = E7B2501C25BCCAAE0012556C /* ViewInspector */; };
		E7BB91B725CDA4C4007F764A /* DataStoreMock.swift in Sources */ = {isa = PBXBuildFile; fileRef = E7BB91B625CDA4C4007F764A /* DataStoreMock.swift */; };
		E7BB91C825CDA88F007F764A /* LogViewTests.swift in Sources */ = {isa = PBXBuildFile; fileRef = E7BB91C725CDA88F007F764A /* LogViewTests.swift */; };
		E7CBC98D25B4CD7500533117 /* BusylessIntents.intentdefinition in Sources */ = {isa = PBXBuildFile; fileRef = E7A79BCE25B3742D00D8CB9D /* BusylessIntents.intentdefinition */; settings = {ATTRIBUTES = (no_codegen, ); }; };
		E7F178752537E54E009F59D1 /* CloudKit.framework in Frameworks */ = {isa = PBXBuildFile; fileRef = E708AAEA24EDF3F500ECE5F8 /* CloudKit.framework */; };
		E7F1789C25391A4B009F59D1 /* BusylessDataLayer.framework in Frameworks */ = {isa = PBXBuildFile; fileRef = E7F1789325391A4B009F59D1 /* BusylessDataLayer.framework */; };
		E7F178A525391A4B009F59D1 /* BusylessDataLayer.h in Headers */ = {isa = PBXBuildFile; fileRef = E7F1789525391A4B009F59D1 /* BusylessDataLayer.h */; settings = {ATTRIBUTES = (Public, ); }; };
		E7F178A825391A4B009F59D1 /* BusylessDataLayer.framework in Frameworks */ = {isa = PBXBuildFile; fileRef = E7F1789325391A4B009F59D1 /* BusylessDataLayer.framework */; };
		E7F178A925391A4B009F59D1 /* BusylessDataLayer.framework in Embed Frameworks */ = {isa = PBXBuildFile; fileRef = E7F1789325391A4B009F59D1 /* BusylessDataLayer.framework */; settings = {ATTRIBUTES = (CodeSignOnCopy, RemoveHeadersOnCopy, ); }; };
		E7F178BC25391B0D009F59D1 /* Busyless.xcdatamodeld in Sources */ = {isa = PBXBuildFile; fileRef = E79F6A3B24EC752E004F44B5 /* Busyless.xcdatamodeld */; };
		E7F178C225391B10009F59D1 /* Persistence.swift in Sources */ = {isa = PBXBuildFile; fileRef = E74AEC142515031A00502907 /* Persistence.swift */; };
		E7F178D825391BDC009F59D1 /* Activity.swift in Sources */ = {isa = PBXBuildFile; fileRef = E7FA78B724E98F4D0095DBDD /* Activity.swift */; };
		E7F178DE25391BDF009F59D1 /* BLCategory.swift in Sources */ = {isa = PBXBuildFile; fileRef = E7FA78B924E98F590095DBDD /* BLCategory.swift */; };
		E7F178E425391BE1009F59D1 /* UserConfig.swift in Sources */ = {isa = PBXBuildFile; fileRef = E7B8CFA924F6E5930026C983 /* UserConfig.swift */; };
		E7F1792725391CBB009F59D1 /* BusylessDataLayer.framework in Frameworks */ = {isa = PBXBuildFile; fileRef = E7F1789325391A4B009F59D1 /* BusylessDataLayer.framework */; };
		E7F6115A24E22A2600CFABC8 /* AddButton.swift in Sources */ = {isa = PBXBuildFile; fileRef = E7F6115924E22A2600CFABC8 /* AddButton.swift */; };
		E7F6115C24E22F4200CFABC8 /* DurationPill.swift in Sources */ = {isa = PBXBuildFile; fileRef = E7F6115B24E22F4200CFABC8 /* DurationPill.swift */; };
		E7FD702E24E4C4F9001E2A95 /* SettingsView.swift in Sources */ = {isa = PBXBuildFile; fileRef = E7FD702D24E4C4F9001E2A95 /* SettingsView.swift */; };
/* End PBXBuildFile section */

/* Begin PBXBuildRule section */
		E7F6115F24E2363500CFABC8 /* PBXBuildRule */ = {
			isa = PBXBuildRule;
			compilerSpec = com.apple.compilers.proxy.script;
			fileType = pattern.proxy;
			inputFiles = (
			);
			isEditable = 1;
			outputFiles = (
			);
			script = "if which swiftlint >/dev/null; then\n  swiftlint\nelse\n  echo \"warning: SwiftLint not installed, download from https://github.com/realm/SwiftLint\"\nfi\n";
		};
/* End PBXBuildRule section */

/* Begin PBXContainerItemProxy section */
		E7947FDB24DF7CD6006B7859 /* PBXContainerItemProxy */ = {
			isa = PBXContainerItemProxy;
			containerPortal = E7947FB924DF7CD5006B7859 /* Project object */;
			proxyType = 1;
			remoteGlobalIDString = E7947FC024DF7CD5006B7859;
			remoteInfo = Busyless;
		};
		E7947FE624DF7CD6006B7859 /* PBXContainerItemProxy */ = {
			isa = PBXContainerItemProxy;
			containerPortal = E7947FB924DF7CD5006B7859 /* Project object */;
			proxyType = 1;
			remoteGlobalIDString = E7947FC024DF7CD5006B7859;
			remoteInfo = Busyless;
		};
		E7AE16A9252EA03000B5654F /* PBXContainerItemProxy */ = {
			isa = PBXContainerItemProxy;
			containerPortal = E7947FB924DF7CD5006B7859 /* Project object */;
			proxyType = 1;
			remoteGlobalIDString = E7AE16A3252EA03000B5654F;
			remoteInfo = BusylessIntents;
		};
		E7F1789D25391A4B009F59D1 /* PBXContainerItemProxy */ = {
			isa = PBXContainerItemProxy;
			containerPortal = E7947FB924DF7CD5006B7859 /* Project object */;
			proxyType = 1;
			remoteGlobalIDString = E7F1789225391A4B009F59D1;
			remoteInfo = BusylessDataLayer;
		};
		E7F1789F25391A4B009F59D1 /* PBXContainerItemProxy */ = {
			isa = PBXContainerItemProxy;
			containerPortal = E7947FB924DF7CD5006B7859 /* Project object */;
			proxyType = 1;
			remoteGlobalIDString = E7947FC024DF7CD5006B7859;
			remoteInfo = Busyless;
		};
		E7F178A625391A4B009F59D1 /* PBXContainerItemProxy */ = {
			isa = PBXContainerItemProxy;
			containerPortal = E7947FB924DF7CD5006B7859 /* Project object */;
			proxyType = 1;
			remoteGlobalIDString = E7F1789225391A4B009F59D1;
			remoteInfo = BusylessDataLayer;
		};
		E7F1792925391CBB009F59D1 /* PBXContainerItemProxy */ = {
			isa = PBXContainerItemProxy;
			containerPortal = E7947FB924DF7CD5006B7859 /* Project object */;
			proxyType = 1;
			remoteGlobalIDString = E7F1789225391A4B009F59D1;
			remoteInfo = BusylessDataLayer;
		};
/* End PBXContainerItemProxy section */

/* Begin PBXCopyFilesBuildPhase section */
		E7AE16AF252EA03000B5654F /* Embed App Extensions */ = {
			isa = PBXCopyFilesBuildPhase;
			buildActionMask = 2147483647;
			dstPath = "";
			dstSubfolderSpec = 13;
			files = (
				E7AE16AB252EA03000B5654F /* BusylessIntents.appex in Embed App Extensions */,
			);
			name = "Embed App Extensions";
			runOnlyForDeploymentPostprocessing = 0;
		};
		E7F178AA25391A4B009F59D1 /* Embed Frameworks */ = {
			isa = PBXCopyFilesBuildPhase;
			buildActionMask = 2147483647;
			dstPath = "";
			dstSubfolderSpec = 10;
			files = (
				E7F178A925391A4B009F59D1 /* BusylessDataLayer.framework in Embed Frameworks */,
			);
			name = "Embed Frameworks";
			runOnlyForDeploymentPostprocessing = 0;
		};
/* End PBXCopyFilesBuildPhase section */

/* Begin PBXFileReference section */
		E701F62925B136BA00B78551 /* en */ = {isa = PBXFileReference; lastKnownFileType = text.plist.strings; name = en; path = en.lproj/Localizable.strings; sourceTree = "<group>"; };
		E701F63025B136ED00B78551 /* en-GB */ = {isa = PBXFileReference; lastKnownFileType = text.plist.strings; name = "en-GB"; path = "en-GB.lproj/LaunchScreen.strings"; sourceTree = "<group>"; };
		E701F63125B136ED00B78551 /* en-GB */ = {isa = PBXFileReference; lastKnownFileType = text.plist.strings; name = "en-GB"; path = "en-GB.lproj/Localizable.strings"; sourceTree = "<group>"; };
		E708AAE824EDF21800ECE5F8 /* Busyless.entitlements */ = {isa = PBXFileReference; lastKnownFileType = text.plist.entitlements; path = Busyless.entitlements; sourceTree = "<group>"; };
		E708AAEA24EDF3F500ECE5F8 /* CloudKit.framework */ = {isa = PBXFileReference; lastKnownFileType = wrapper.framework; name = CloudKit.framework; path = System/Library/Frameworks/CloudKit.framework; sourceTree = SDKROOT; };
		E709A85E25085A7600C518EE /* ActivityViewController.swift */ = {isa = PBXFileReference; lastKnownFileType = sourcecode.swift; path = ActivityViewController.swift; sourceTree = "<group>"; };
		E70A893925910A0D009EF078 /* ContextCategory.swift */ = {isa = PBXFileReference; lastKnownFileType = sourcecode.swift; path = ContextCategory.swift; sourceTree = "<group>"; };
		E70A89452591126E009EF078 /* ContextCategorySelection.swift */ = {isa = PBXFileReference; lastKnownFileType = sourcecode.swift; path = ContextCategorySelection.swift; sourceTree = "<group>"; };
		E70A8986259969E7009EF078 /* InitialOnboardingView.swift */ = {isa = PBXFileReference; lastKnownFileType = sourcecode.swift; path = InitialOnboardingView.swift; sourceTree = "<group>"; };
		E70A8992259969F4009EF078 /* LogOnboardingView.swift */ = {isa = PBXFileReference; lastKnownFileType = sourcecode.swift; path = LogOnboardingView.swift; sourceTree = "<group>"; };
		E70A899A259C239A009EF078 /* OnboardingContent.swift */ = {isa = PBXFileReference; lastKnownFileType = sourcecode.swift; path = OnboardingContent.swift; sourceTree = "<group>"; };
		E70A89A1259C23B5009EF078 /* OnboardingShell.swift */ = {isa = PBXFileReference; lastKnownFileType = sourcecode.swift; path = OnboardingShell.swift; sourceTree = "<group>"; };
		E70DCC46257C16E400B4F13D /* CategoryStore.swift */ = {isa = PBXFileReference; lastKnownFileType = sourcecode.swift; path = CategoryStore.swift; sourceTree = "<group>"; };
		E70DCC5D257D636400B4F13D /* DataStore.swift */ = {isa = PBXFileReference; lastKnownFileType = sourcecode.swift; path = DataStore.swift; sourceTree = "<group>"; };
		E70DCC73257D66B900B4F13D /* EnvironmentValues+.swift */ = {isa = PBXFileReference; lastKnownFileType = sourcecode.swift; path = "EnvironmentValues+.swift"; sourceTree = "<group>"; };
		E70DCC7F257D692100B4F13D /* ActivityStore.swift */ = {isa = PBXFileReference; lastKnownFileType = sourcecode.swift; path = ActivityStore.swift; sourceTree = "<group>"; };
		E70DCC86257D692A00B4F13D /* UserConfigStore.swift */ = {isa = PBXFileReference; lastKnownFileType = sourcecode.swift; path = UserConfigStore.swift; sourceTree = "<group>"; };
		E71B3BA0255CCDAE0056677E /* Date+.swift */ = {isa = PBXFileReference; lastKnownFileType = sourcecode.swift; path = "Date+.swift"; sourceTree = "<group>"; };
		E726EEE4250B0D3700CBEAF5 /* Color+.swift */ = {isa = PBXFileReference; lastKnownFileType = sourcecode.swift; path = "Color+.swift"; sourceTree = "<group>"; };
		E72C19AC25378D070009C935 /* AddNewActivityIntentHandler.swift */ = {isa = PBXFileReference; lastKnownFileType = sourcecode.swift; path = AddNewActivityIntentHandler.swift; sourceTree = "<group>"; };
		E7336F96252D4FE8001414B4 /* TimeIntervalTests.swift */ = {isa = PBXFileReference; lastKnownFileType = sourcecode.swift; path = TimeIntervalTests.swift; sourceTree = "<group>"; };
		E73524F52536911600A60541 /* FirstResponderTextField.swift */ = {isa = PBXFileReference; lastKnownFileType = sourcecode.swift; path = FirstResponderTextField.swift; sourceTree = "<group>"; };
		E736236924E328BA00C6FFD3 /* CategoryRow.swift */ = {isa = PBXFileReference; lastKnownFileType = sourcecode.swift; path = CategoryRow.swift; sourceTree = "<group>"; };
		E737A9F224FF1F570094746D /* ExportManager.swift */ = {isa = PBXFileReference; lastKnownFileType = sourcecode.swift; path = ExportManager.swift; sourceTree = "<group>"; };
		E74AEC142515031A00502907 /* Persistence.swift */ = {isa = PBXFileReference; fileEncoding = 4; lastKnownFileType = sourcecode.swift; path = Persistence.swift; sourceTree = "<group>"; };
		E75079A5253926E50060D010 /* BusylessDataLayerTests.swift */ = {isa = PBXFileReference; lastKnownFileType = sourcecode.swift; path = BusylessDataLayerTests.swift; sourceTree = "<group>"; };
		E75BFE49254B93DF000A947B /* StatefullPreviewWrapper.swift */ = {isa = PBXFileReference; lastKnownFileType = sourcecode.swift; path = StatefullPreviewWrapper.swift; sourceTree = "<group>"; };
		E7619B512550EC9F00B06A24 /* MonthView.swift */ = {isa = PBXFileReference; lastKnownFileType = sourcecode.swift; path = MonthView.swift; sourceTree = "<group>"; };
		E77AF01224EB2B7500E621C6 /* TimeInterval+.swift */ = {isa = PBXFileReference; lastKnownFileType = sourcecode.swift; path = "TimeInterval+.swift"; sourceTree = "<group>"; };
		E77AF01424EB612A00E621C6 /* CategoryDetailView.swift */ = {isa = PBXFileReference; lastKnownFileType = sourcecode.swift; path = CategoryDetailView.swift; sourceTree = "<group>"; };
		E780FC4724E9945000F9C2B6 /* NSManagedObject+.swift */ = {isa = PBXFileReference; lastKnownFileType = sourcecode.swift; path = "NSManagedObject+.swift"; sourceTree = "<group>"; };
		E780FC4D24E9A5BE00F9C2B6 /* CategorySelection.swift */ = {isa = PBXFileReference; lastKnownFileType = sourcecode.swift; path = CategorySelection.swift; sourceTree = "<group>"; };
		E780FC5224E9A7E000F9C2B6 /* CategoryTests.swift */ = {isa = PBXFileReference; lastKnownFileType = sourcecode.swift; path = CategoryTests.swift; sourceTree = "<group>"; };
		E780FC5424E9B37500F9C2B6 /* LogView.swift */ = {isa = PBXFileReference; lastKnownFileType = sourcecode.swift; path = LogView.swift; sourceTree = "<group>"; };
		E786CA4224E488FF00B27D8E /* MainView.swift */ = {isa = PBXFileReference; lastKnownFileType = sourcecode.swift; path = MainView.swift; sourceTree = "<group>"; };
		E786CA4424E4967D00B27D8E /* TodayStatus.swift */ = {isa = PBXFileReference; lastKnownFileType = sourcecode.swift; path = TodayStatus.swift; sourceTree = "<group>"; };
		E7947FC124DF7CD5006B7859 /* Busyless.app */ = {isa = PBXFileReference; explicitFileType = wrapper.application; includeInIndex = 0; path = Busyless.app; sourceTree = BUILT_PRODUCTS_DIR; };
		E7947FC424DF7CD5006B7859 /* BusylessApp.swift */ = {isa = PBXFileReference; lastKnownFileType = sourcecode.swift; path = BusylessApp.swift; sourceTree = "<group>"; };
		E7947FCB24DF7CD5006B7859 /* DayView.swift */ = {isa = PBXFileReference; lastKnownFileType = sourcecode.swift; path = DayView.swift; sourceTree = "<group>"; };
		E7947FCD24DF7CD6006B7859 /* Assets.xcassets */ = {isa = PBXFileReference; lastKnownFileType = folder.assetcatalog; path = Assets.xcassets; sourceTree = "<group>"; };
		E7947FD024DF7CD6006B7859 /* PreviewAssets.xcassets */ = {isa = PBXFileReference; lastKnownFileType = folder.assetcatalog; path = PreviewAssets.xcassets; sourceTree = "<group>"; };
		E7947FD324DF7CD6006B7859 /* Base */ = {isa = PBXFileReference; lastKnownFileType = file.storyboard; name = Base; path = Base.lproj/LaunchScreen.storyboard; sourceTree = "<group>"; };
		E7947FD524DF7CD6006B7859 /* Info.plist */ = {isa = PBXFileReference; lastKnownFileType = text.plist.xml; path = Info.plist; sourceTree = "<group>"; };
		E7947FDA24DF7CD6006B7859 /* BusylessTests.xctest */ = {isa = PBXFileReference; explicitFileType = wrapper.cfbundle; includeInIndex = 0; path = BusylessTests.xctest; sourceTree = BUILT_PRODUCTS_DIR; };
		E7947FDE24DF7CD6006B7859 /* BusylessTests.swift */ = {isa = PBXFileReference; lastKnownFileType = sourcecode.swift; path = BusylessTests.swift; sourceTree = "<group>"; };
		E7947FE024DF7CD6006B7859 /* Info.plist */ = {isa = PBXFileReference; lastKnownFileType = text.plist.xml; path = Info.plist; sourceTree = "<group>"; };
		E7947FE524DF7CD6006B7859 /* BusylessUITests.xctest */ = {isa = PBXFileReference; explicitFileType = wrapper.cfbundle; includeInIndex = 0; path = BusylessUITests.xctest; sourceTree = BUILT_PRODUCTS_DIR; };
		E7947FE924DF7CD6006B7859 /* BusylessUITests.swift */ = {isa = PBXFileReference; lastKnownFileType = sourcecode.swift; path = BusylessUITests.swift; sourceTree = "<group>"; };
		E7947FEB24DF7CD6006B7859 /* Info.plist */ = {isa = PBXFileReference; lastKnownFileType = text.plist.xml; path = Info.plist; sourceTree = "<group>"; };
		E7947FF724DF8072006B7859 /* AddNewActivityView.swift */ = {isa = PBXFileReference; lastKnownFileType = sourcecode.swift; path = AddNewActivityView.swift; sourceTree = "<group>"; };
		E796F20625479C8200F7106B /* DurationSlider.swift */ = {isa = PBXFileReference; lastKnownFileType = sourcecode.swift; path = DurationSlider.swift; sourceTree = "<group>"; };
		E79F6A3C24EC752E004F44B5 /* Busyless.xcdatamodel */ = {isa = PBXFileReference; lastKnownFileType = wrapper.xcdatamodel; path = Busyless.xcdatamodel; sourceTree = "<group>"; };
		E7A79BA325B36C1B00D8CB9D /* ManageContextCategoryView.swift */ = {isa = PBXFileReference; lastKnownFileType = sourcecode.swift; path = ManageContextCategoryView.swift; sourceTree = "<group>"; };
		E7A79BB925B3707B00D8CB9D /* AddNewCategoryView.swift */ = {isa = PBXFileReference; lastKnownFileType = sourcecode.swift; path = AddNewCategoryView.swift; sourceTree = "<group>"; };
		E7A79BCD25B3742D00D8CB9D /* Base */ = {isa = PBXFileReference; lastKnownFileType = file.intentdefinition; name = Base; path = Base.lproj/BusylessIntents.intentdefinition; sourceTree = "<group>"; };
		E7AE16A4252EA03000B5654F /* BusylessIntents.appex */ = {isa = PBXFileReference; explicitFileType = "wrapper.app-extension"; includeInIndex = 0; path = BusylessIntents.appex; sourceTree = BUILT_PRODUCTS_DIR; };
		E7AE16A6252EA03000B5654F /* IntentHandler.swift */ = {isa = PBXFileReference; lastKnownFileType = sourcecode.swift; path = IntentHandler.swift; sourceTree = "<group>"; };
		E7AE16A8252EA03000B5654F /* Info.plist */ = {isa = PBXFileReference; lastKnownFileType = text.plist.xml; path = Info.plist; sourceTree = "<group>"; };
		E7B24FF225BCBA780012556C /* CommonFlows.swift */ = {isa = PBXFileReference; lastKnownFileType = sourcecode.swift; path = CommonFlows.swift; sourceTree = "<group>"; };
		E7B2500725BCC8980012556C /* DayViewTests.swift */ = {isa = PBXFileReference; lastKnownFileType = sourcecode.swift; path = DayViewTests.swift; sourceTree = "<group>"; };
		E7B8CFA924F6E5930026C983 /* UserConfig.swift */ = {isa = PBXFileReference; lastKnownFileType = sourcecode.swift; path = UserConfig.swift; sourceTree = "<group>"; };
		E7BB91B625CDA4C4007F764A /* DataStoreMock.swift */ = {isa = PBXFileReference; lastKnownFileType = sourcecode.swift; path = DataStoreMock.swift; sourceTree = "<group>"; };
		E7BB91C725CDA88F007F764A /* LogViewTests.swift */ = {isa = PBXFileReference; lastKnownFileType = sourcecode.swift; path = LogViewTests.swift; sourceTree = "<group>"; };
		E7F1789325391A4B009F59D1 /* BusylessDataLayer.framework */ = {isa = PBXFileReference; explicitFileType = wrapper.framework; includeInIndex = 0; path = BusylessDataLayer.framework; sourceTree = BUILT_PRODUCTS_DIR; };
		E7F1789525391A4B009F59D1 /* BusylessDataLayer.h */ = {isa = PBXFileReference; lastKnownFileType = sourcecode.c.h; path = BusylessDataLayer.h; sourceTree = "<group>"; };
		E7F1789625391A4B009F59D1 /* Info.plist */ = {isa = PBXFileReference; lastKnownFileType = text.plist.xml; path = Info.plist; sourceTree = "<group>"; };
		E7F1789B25391A4B009F59D1 /* BusylessDataLayerTests.xctest */ = {isa = PBXFileReference; explicitFileType = wrapper.cfbundle; includeInIndex = 0; path = BusylessDataLayerTests.xctest; sourceTree = BUILT_PRODUCTS_DIR; };
		E7F178A425391A4B009F59D1 /* Info.plist */ = {isa = PBXFileReference; lastKnownFileType = text.plist.xml; path = Info.plist; sourceTree = "<group>"; };
		E7F382532537813500F27CFC /* BusylessIntents.entitlements */ = {isa = PBXFileReference; lastKnownFileType = text.plist.entitlements; path = BusylessIntents.entitlements; sourceTree = "<group>"; };
		E7F6115924E22A2600CFABC8 /* AddButton.swift */ = {isa = PBXFileReference; lastKnownFileType = sourcecode.swift; path = AddButton.swift; sourceTree = "<group>"; };
		E7F6115B24E22F4200CFABC8 /* DurationPill.swift */ = {isa = PBXFileReference; lastKnownFileType = sourcecode.swift; path = DurationPill.swift; sourceTree = "<group>"; };
		E7FA78B724E98F4D0095DBDD /* Activity.swift */ = {isa = PBXFileReference; lastKnownFileType = sourcecode.swift; path = Activity.swift; sourceTree = "<group>"; };
		E7FA78B924E98F590095DBDD /* BLCategory.swift */ = {isa = PBXFileReference; lastKnownFileType = sourcecode.swift; path = BLCategory.swift; sourceTree = "<group>"; };
		E7FD702D24E4C4F9001E2A95 /* SettingsView.swift */ = {isa = PBXFileReference; lastKnownFileType = sourcecode.swift; path = SettingsView.swift; sourceTree = "<group>"; };
/* End PBXFileReference section */

/* Begin PBXFrameworksBuildPhase section */
		E7947FBE24DF7CD5006B7859 /* Frameworks */ = {
			isa = PBXFrameworksBuildPhase;
			buildActionMask = 2147483647;
			files = (
				E7F178A825391A4B009F59D1 /* BusylessDataLayer.framework in Frameworks */,
				E708AAEB24EDF3F500ECE5F8 /* CloudKit.framework in Frameworks */,
			);
			runOnlyForDeploymentPostprocessing = 0;
		};
		E7947FD724DF7CD6006B7859 /* Frameworks */ = {
			isa = PBXFrameworksBuildPhase;
			buildActionMask = 2147483647;
			files = (
				E7B2501D25BCCAAE0012556C /* ViewInspector in Frameworks */,
			);
			runOnlyForDeploymentPostprocessing = 0;
		};
		E7947FE224DF7CD6006B7859 /* Frameworks */ = {
			isa = PBXFrameworksBuildPhase;
			buildActionMask = 2147483647;
			files = (
			);
			runOnlyForDeploymentPostprocessing = 0;
		};
		E7AE16A1252EA03000B5654F /* Frameworks */ = {
			isa = PBXFrameworksBuildPhase;
			buildActionMask = 2147483647;
			files = (
				E7F1792725391CBB009F59D1 /* BusylessDataLayer.framework in Frameworks */,
				E7F178752537E54E009F59D1 /* CloudKit.framework in Frameworks */,
			);
			runOnlyForDeploymentPostprocessing = 0;
		};
		E7F1789025391A4B009F59D1 /* Frameworks */ = {
			isa = PBXFrameworksBuildPhase;
			buildActionMask = 2147483647;
			files = (
			);
			runOnlyForDeploymentPostprocessing = 0;
		};
		E7F1789825391A4B009F59D1 /* Frameworks */ = {
			isa = PBXFrameworksBuildPhase;
			buildActionMask = 2147483647;
			files = (
				E7F1789C25391A4B009F59D1 /* BusylessDataLayer.framework in Frameworks */,
			);
			runOnlyForDeploymentPostprocessing = 0;
		};
/* End PBXFrameworksBuildPhase section */

/* Begin PBXGroup section */
		E701F62025B135D300B78551 /* Strings */ = {
			isa = PBXGroup;
			children = (
				E701F62A25B136BA00B78551 /* Localizable.strings */,
			);
			path = Strings;
			sourceTree = "<group>";
		};
		E7072AFA24E32D190004E2CA /* Extensions */ = {
			isa = PBXGroup;
			children = (
				E726EEE4250B0D3700CBEAF5 /* Color+.swift */,
				E70DCC73257D66B900B4F13D /* EnvironmentValues+.swift */,
				E780FC4724E9945000F9C2B6 /* NSManagedObject+.swift */,
				E77AF01224EB2B7500E621C6 /* TimeInterval+.swift */,
			);
			path = Extensions;
			sourceTree = "<group>";
		};
		E708AAE924EDF3F500ECE5F8 /* Frameworks */ = {
			isa = PBXGroup;
			children = (
				E708AAEA24EDF3F500ECE5F8 /* CloudKit.framework */,
			);
			name = Frameworks;
			sourceTree = "<group>";
		};
		E709A85D25085A4500C518EE /* UIKitWrappers */ = {
			isa = PBXGroup;
			children = (
				E709A85E25085A7600C518EE /* ActivityViewController.swift */,
				E73524F52536911600A60541 /* FirstResponderTextField.swift */,
			);
			path = UIKitWrappers;
			sourceTree = "<group>";
		};
		E70A8985259969C3009EF078 /* Onboarding */ = {
			isa = PBXGroup;
			children = (
				E70A8986259969E7009EF078 /* InitialOnboardingView.swift */,
				E70A8992259969F4009EF078 /* LogOnboardingView.swift */,
				E70A899A259C239A009EF078 /* OnboardingContent.swift */,
				E70A89A1259C23B5009EF078 /* OnboardingShell.swift */,
			);
			path = Onboarding;
			sourceTree = "<group>";
		};
		E70DCC45257C16B400B4F13D /* DataStore */ = {
			isa = PBXGroup;
			children = (
				E70DCC5D257D636400B4F13D /* DataStore.swift */,
				E70DCC5C257D634F00B4F13D /* Models */,
			);
			path = DataStore;
			sourceTree = "<group>";
		};
		E70DCC5C257D634F00B4F13D /* Models */ = {
			isa = PBXGroup;
			children = (
				E70DCC7F257D692100B4F13D /* ActivityStore.swift */,
				E70DCC46257C16E400B4F13D /* CategoryStore.swift */,
				E70DCC86257D692A00B4F13D /* UserConfigStore.swift */,
			);
			path = Models;
			sourceTree = "<group>";
		};
		E715087924E32A0E004B080A /* DayView */ = {
			isa = PBXGroup;
			children = (
				E7F6115924E22A2600CFABC8 /* AddButton.swift */,
				E736236924E328BA00C6FFD3 /* CategoryRow.swift */,
				E7F6115B24E22F4200CFABC8 /* DurationPill.swift */,
				E7A79BA325B36C1B00D8CB9D /* ManageContextCategoryView.swift */,
				E786CA4424E4967D00B27D8E /* TodayStatus.swift */,
				E7A79BB925B3707B00D8CB9D /* AddNewCategoryView.swift */,
			);
			path = DayView;
			sourceTree = "<group>";
		};
		E71B3BAC255CCE0D0056677E /* Utility */ = {
			isa = PBXGroup;
			children = (
				E71B3BAD255CCE150056677E /* Extensions */,
			);
			path = Utility;
			sourceTree = "<group>";
		};
		E71B3BAD255CCE150056677E /* Extensions */ = {
			isa = PBXGroup;
			children = (
				E71B3BA0255CCDAE0056677E /* Date+.swift */,
			);
			path = Extensions;
			sourceTree = "<group>";
		};
		E7336F94252D4FBE001414B4 /* Utility */ = {
			isa = PBXGroup;
			children = (
				E7336F95252D4FCF001414B4 /* Extensions */,
			);
			path = Utility;
			sourceTree = "<group>";
		};
		E7336F95252D4FCF001414B4 /* Extensions */ = {
			isa = PBXGroup;
			children = (
				E7336F96252D4FE8001414B4 /* TimeIntervalTests.swift */,
			);
			path = Extensions;
			sourceTree = "<group>";
		};
		E737A9F124FF1F320094746D /* Managers */ = {
			isa = PBXGroup;
			children = (
				E737A9F224FF1F570094746D /* ExportManager.swift */,
			);
			path = Managers;
			sourceTree = "<group>";
		};
		E7507998253926530060D010 /* Models */ = {
			isa = PBXGroup;
			children = (
				E780FC5224E9A7E000F9C2B6 /* CategoryTests.swift */,
			);
			path = Models;
			sourceTree = "<group>";
		};
		E780FC4C24E9A59900F9C2B6 /* AddNewActivity */ = {
			isa = PBXGroup;
			children = (
				E780FC4D24E9A5BE00F9C2B6 /* CategorySelection.swift */,
			);
			path = AddNewActivity;
			sourceTree = "<group>";
		};
		E780FC4F24E9A71C00F9C2B6 /* SupportingFiles */ = {
			isa = PBXGroup;
			children = (
				E701F62025B135D300B78551 /* Strings */,
				E7947FCF24DF7CD6006B7859 /* PreviewContent */,
				E7947FCD24DF7CD6006B7859 /* Assets.xcassets */,
				E7A79BCE25B3742D00D8CB9D /* BusylessIntents.intentdefinition */,
				E708AAE824EDF21800ECE5F8 /* Busyless.entitlements */,
				E7947FD224DF7CD6006B7859 /* LaunchScreen.storyboard */,
				E7947FD524DF7CD6006B7859 /* Info.plist */,
			);
			path = SupportingFiles;
			sourceTree = "<group>";
		};
		E7947FB824DF7CD5006B7859 = {
			isa = PBXGroup;
			children = (
				E7947FC324DF7CD5006B7859 /* Busyless */,
				E7F1789425391A4B009F59D1 /* BusylessDataLayer */,
				E7AE16A5252EA03000B5654F /* BusylessIntents */,
				E7947FDD24DF7CD6006B7859 /* BusylessTests */,
				E7947FE824DF7CD6006B7859 /* BusylessUITests */,
				E7F178A125391A4B009F59D1 /* BusylessDataLayerTests */,
				E7947FC224DF7CD5006B7859 /* Products */,
				E708AAE924EDF3F500ECE5F8 /* Frameworks */,
			);
			sourceTree = "<group>";
		};
		E7947FC224DF7CD5006B7859 /* Products */ = {
			isa = PBXGroup;
			children = (
				E7947FC124DF7CD5006B7859 /* Busyless.app */,
				E7947FDA24DF7CD6006B7859 /* BusylessTests.xctest */,
				E7947FE524DF7CD6006B7859 /* BusylessUITests.xctest */,
				E7AE16A4252EA03000B5654F /* BusylessIntents.appex */,
				E7F1789325391A4B009F59D1 /* BusylessDataLayer.framework */,
				E7F1789B25391A4B009F59D1 /* BusylessDataLayerTests.xctest */,
			);
			name = Products;
			sourceTree = "<group>";
		};
		E7947FC324DF7CD5006B7859 /* Busyless */ = {
			isa = PBXGroup;
			children = (
				E7947FC424DF7CD5006B7859 /* BusylessApp.swift */,
				E7F6115824E229D200CFABC8 /* Containers */,
				E7F6115724E229AB00CFABC8 /* Components */,
				E7FD702F24E4C8E0001E2A95 /* Utility */,
				E780FC4F24E9A71C00F9C2B6 /* SupportingFiles */,
			);
			path = Busyless;
			sourceTree = "<group>";
		};
		E7947FCF24DF7CD6006B7859 /* PreviewContent */ = {
			isa = PBXGroup;
			children = (
				E75BFE49254B93DF000A947B /* StatefullPreviewWrapper.swift */,
				E7947FD024DF7CD6006B7859 /* PreviewAssets.xcassets */,
			);
			path = PreviewContent;
			sourceTree = "<group>";
		};
		E7947FDD24DF7CD6006B7859 /* BusylessTests */ = {
			isa = PBXGroup;
			children = (
				E7BB91B425CDA450007F764A /* TestUtility */,
				E7B2500625BCC87F0012556C /* Views */,
				E7336F94252D4FBE001414B4 /* Utility */,
				E7947FDE24DF7CD6006B7859 /* BusylessTests.swift */,
				E7947FE024DF7CD6006B7859 /* Info.plist */,
			);
			path = BusylessTests;
			sourceTree = "<group>";
		};
		E7947FE824DF7CD6006B7859 /* BusylessUITests */ = {
			isa = PBXGroup;
			children = (
				E7B24FF125BCBA650012556C /* TestingHelpers */,
				E7947FE924DF7CD6006B7859 /* BusylessUITests.swift */,
				E7947FEB24DF7CD6006B7859 /* Info.plist */,
			);
			path = BusylessUITests;
			sourceTree = "<group>";
		};
		E796F1F925479BDC00F7106B /* CategoryDetail */ = {
			isa = PBXGroup;
			children = (
				E70A89452591126E009EF078 /* ContextCategorySelection.swift */,
				E796F20625479C8200F7106B /* DurationSlider.swift */,
			);
			path = CategoryDetail;
			sourceTree = "<group>";
		};
		E7AE16A5252EA03000B5654F /* BusylessIntents */ = {
			isa = PBXGroup;
			children = (
				E7F382532537813500F27CFC /* BusylessIntents.entitlements */,
				E72C19AC25378D070009C935 /* AddNewActivityIntentHandler.swift */,
				E7AE16A6252EA03000B5654F /* IntentHandler.swift */,
				E7AE16A8252EA03000B5654F /* Info.plist */,
			);
			path = BusylessIntents;
			sourceTree = "<group>";
		};
		E7B24FF125BCBA650012556C /* TestingHelpers */ = {
			isa = PBXGroup;
			children = (
				E7B24FF225BCBA780012556C /* CommonFlows.swift */,
			);
			path = TestingHelpers;
			sourceTree = "<group>";
		};
		E7B2500625BCC87F0012556C /* Views */ = {
			isa = PBXGroup;
			children = (
				E7B2500725BCC8980012556C /* DayViewTests.swift */,
				E7BB91C725CDA88F007F764A /* LogViewTests.swift */,
			);
			path = Views;
			sourceTree = "<group>";
		};
		E7BB91B425CDA450007F764A /* TestUtility */ = {
			isa = PBXGroup;
			children = (
				E7BB91B525CDA492007F764A /* Mocks */,
			);
			path = TestUtility;
			sourceTree = "<group>";
		};
		E7BB91B525CDA492007F764A /* Mocks */ = {
			isa = PBXGroup;
			children = (
				E7BB91B625CDA4C4007F764A /* DataStoreMock.swift */,
			);
			path = Mocks;
			sourceTree = "<group>";
		};
		E7F1789425391A4B009F59D1 /* BusylessDataLayer */ = {
			isa = PBXGroup;
			children = (
				E7F178BB25391AD1009F59D1 /* CoreData */,
				E7FA78B624E98F100095DBDD /* Models */,
				E71B3BAC255CCE0D0056677E /* Utility */,
				E70DCC45257C16B400B4F13D /* DataStore */,
				E7F1789525391A4B009F59D1 /* BusylessDataLayer.h */,
				E7F1789625391A4B009F59D1 /* Info.plist */,
			);
			path = BusylessDataLayer;
			sourceTree = "<group>";
		};
		E7F178A125391A4B009F59D1 /* BusylessDataLayerTests */ = {
			isa = PBXGroup;
			children = (
				E7507998253926530060D010 /* Models */,
				E75079A5253926E50060D010 /* BusylessDataLayerTests.swift */,
				E7F178A425391A4B009F59D1 /* Info.plist */,
			);
			path = BusylessDataLayerTests;
			sourceTree = "<group>";
		};
		E7F178BB25391AD1009F59D1 /* CoreData */ = {
			isa = PBXGroup;
			children = (
				E79F6A3B24EC752E004F44B5 /* Busyless.xcdatamodeld */,
				E74AEC142515031A00502907 /* Persistence.swift */,
			);
			path = CoreData;
			sourceTree = "<group>";
		};
		E7F6115724E229AB00CFABC8 /* Components */ = {
			isa = PBXGroup;
			children = (
				E780FC4C24E9A59900F9C2B6 /* AddNewActivity */,
				E796F1F925479BDC00F7106B /* CategoryDetail */,
				E715087924E32A0E004B080A /* DayView */,
				E70A8985259969C3009EF078 /* Onboarding */,
			);
			path = Components;
			sourceTree = "<group>";
		};
		E7F6115824E229D200CFABC8 /* Containers */ = {
			isa = PBXGroup;
			children = (
				E7947FF724DF8072006B7859 /* AddNewActivityView.swift */,
				E77AF01424EB612A00E621C6 /* CategoryDetailView.swift */,
				E7947FCB24DF7CD5006B7859 /* DayView.swift */,
				E780FC5424E9B37500F9C2B6 /* LogView.swift */,
				E786CA4224E488FF00B27D8E /* MainView.swift */,
				E7619B512550EC9F00B06A24 /* MonthView.swift */,
				E7FD702D24E4C4F9001E2A95 /* SettingsView.swift */,
			);
			path = Containers;
			sourceTree = "<group>";
		};
		E7FA78B624E98F100095DBDD /* Models */ = {
			isa = PBXGroup;
			children = (
				E7FA78B724E98F4D0095DBDD /* Activity.swift */,
				E70A893925910A0D009EF078 /* ContextCategory.swift */,
				E7FA78B924E98F590095DBDD /* BLCategory.swift */,
				E7B8CFA924F6E5930026C983 /* UserConfig.swift */,
			);
			path = Models;
			sourceTree = "<group>";
		};
		E7FD702F24E4C8E0001E2A95 /* Utility */ = {
			isa = PBXGroup;
			children = (
				E737A9F124FF1F320094746D /* Managers */,
				E7072AFA24E32D190004E2CA /* Extensions */,
				E709A85D25085A4500C518EE /* UIKitWrappers */,
			);
			path = Utility;
			sourceTree = "<group>";
		};
/* End PBXGroup section */

/* Begin PBXHeadersBuildPhase section */
		E7F1788E25391A4B009F59D1 /* Headers */ = {
			isa = PBXHeadersBuildPhase;
			buildActionMask = 2147483647;
			files = (
				E7F178A525391A4B009F59D1 /* BusylessDataLayer.h in Headers */,
			);
			runOnlyForDeploymentPostprocessing = 0;
		};
/* End PBXHeadersBuildPhase section */

/* Begin PBXNativeTarget section */
		E7947FC024DF7CD5006B7859 /* Busyless */ = {
			isa = PBXNativeTarget;
			buildConfigurationList = E7947FEE24DF7CD6006B7859 /* Build configuration list for PBXNativeTarget "Busyless" */;
			buildPhases = (
				E7947FBD24DF7CD5006B7859 /* Sources */,
				E7947FBE24DF7CD5006B7859 /* Frameworks */,
				E7947FBF24DF7CD5006B7859 /* Resources */,
				E7F6116024E2365E00CFABC8 /* SwiftLint */,
				E7AE16AF252EA03000B5654F /* Embed App Extensions */,
				E7F178AA25391A4B009F59D1 /* Embed Frameworks */,
			);
			buildRules = (
				E7F6115F24E2363500CFABC8 /* PBXBuildRule */,
			);
			dependencies = (
				E7AE16AA252EA03000B5654F /* PBXTargetDependency */,
				E7F178A725391A4B009F59D1 /* PBXTargetDependency */,
			);
			name = Busyless;
			packageProductDependencies = (
			);
			productName = Busyless;
			productReference = E7947FC124DF7CD5006B7859 /* Busyless.app */;
			productType = "com.apple.product-type.application";
		};
		E7947FD924DF7CD6006B7859 /* BusylessTests */ = {
			isa = PBXNativeTarget;
			buildConfigurationList = E7947FF124DF7CD6006B7859 /* Build configuration list for PBXNativeTarget "BusylessTests" */;
			buildPhases = (
				E7947FD624DF7CD6006B7859 /* Sources */,
				E7947FD724DF7CD6006B7859 /* Frameworks */,
				E7947FD824DF7CD6006B7859 /* Resources */,
			);
			buildRules = (
			);
			dependencies = (
				E7947FDC24DF7CD6006B7859 /* PBXTargetDependency */,
			);
			name = BusylessTests;
			packageProductDependencies = (
				E7B2501C25BCCAAE0012556C /* ViewInspector */,
			);
			productName = BusylessTests;
			productReference = E7947FDA24DF7CD6006B7859 /* BusylessTests.xctest */;
			productType = "com.apple.product-type.bundle.unit-test";
		};
		E7947FE424DF7CD6006B7859 /* BusylessUITests */ = {
			isa = PBXNativeTarget;
			buildConfigurationList = E7947FF424DF7CD6006B7859 /* Build configuration list for PBXNativeTarget "BusylessUITests" */;
			buildPhases = (
				E7947FE124DF7CD6006B7859 /* Sources */,
				E7947FE224DF7CD6006B7859 /* Frameworks */,
				E7947FE324DF7CD6006B7859 /* Resources */,
			);
			buildRules = (
			);
			dependencies = (
				E7947FE724DF7CD6006B7859 /* PBXTargetDependency */,
			);
			name = BusylessUITests;
			productName = BusylessUITests;
			productReference = E7947FE524DF7CD6006B7859 /* BusylessUITests.xctest */;
			productType = "com.apple.product-type.bundle.ui-testing";
		};
		E7AE16A3252EA03000B5654F /* BusylessIntents */ = {
			isa = PBXNativeTarget;
			buildConfigurationList = E7AE16AC252EA03000B5654F /* Build configuration list for PBXNativeTarget "BusylessIntents" */;
			buildPhases = (
				E7AE16A0252EA03000B5654F /* Sources */,
				E7AE16A1252EA03000B5654F /* Frameworks */,
				E7AE16A2252EA03000B5654F /* Resources */,
			);
			buildRules = (
			);
			dependencies = (
				E7F1792A25391CBB009F59D1 /* PBXTargetDependency */,
			);
			name = BusylessIntents;
			productName = BusylessIntents;
			productReference = E7AE16A4252EA03000B5654F /* BusylessIntents.appex */;
			productType = "com.apple.product-type.app-extension";
		};
		E7F1789225391A4B009F59D1 /* BusylessDataLayer */ = {
			isa = PBXNativeTarget;
			buildConfigurationList = E7F178AF25391A4B009F59D1 /* Build configuration list for PBXNativeTarget "BusylessDataLayer" */;
			buildPhases = (
				E7F1788E25391A4B009F59D1 /* Headers */,
				E7F1788F25391A4B009F59D1 /* Sources */,
				E7F1789025391A4B009F59D1 /* Frameworks */,
				E7F1789125391A4B009F59D1 /* Resources */,
			);
			buildRules = (
			);
			dependencies = (
			);
			name = BusylessDataLayer;
			productName = BusylessDataLayer;
			productReference = E7F1789325391A4B009F59D1 /* BusylessDataLayer.framework */;
			productType = "com.apple.product-type.framework";
		};
		E7F1789A25391A4B009F59D1 /* BusylessDataLayerTests */ = {
			isa = PBXNativeTarget;
			buildConfigurationList = E7F178B025391A4B009F59D1 /* Build configuration list for PBXNativeTarget "BusylessDataLayerTests" */;
			buildPhases = (
				E7F1789725391A4B009F59D1 /* Sources */,
				E7F1789825391A4B009F59D1 /* Frameworks */,
				E7F1789925391A4B009F59D1 /* Resources */,
			);
			buildRules = (
			);
			dependencies = (
				E7F1789E25391A4B009F59D1 /* PBXTargetDependency */,
				E7F178A025391A4B009F59D1 /* PBXTargetDependency */,
			);
			name = BusylessDataLayerTests;
			productName = BusylessDataLayerTests;
			productReference = E7F1789B25391A4B009F59D1 /* BusylessDataLayerTests.xctest */;
			productType = "com.apple.product-type.bundle.unit-test";
		};
/* End PBXNativeTarget section */

/* Begin PBXProject section */
		E7947FB924DF7CD5006B7859 /* Project object */ = {
			isa = PBXProject;
			attributes = {
				LastSwiftUpdateCheck = 1200;
				LastUpgradeCheck = 1200;
				ORGANIZATIONNAME = "Derrick Showers";
				TargetAttributes = {
					E7947FC024DF7CD5006B7859 = {
						CreatedOnToolsVersion = 11.5;
					};
					E7947FD924DF7CD6006B7859 = {
						CreatedOnToolsVersion = 11.5;
						TestTargetID = E7947FC024DF7CD5006B7859;
					};
					E7947FE424DF7CD6006B7859 = {
						CreatedOnToolsVersion = 11.5;
						TestTargetID = E7947FC024DF7CD5006B7859;
					};
					E7AE16A3252EA03000B5654F = {
						CreatedOnToolsVersion = 12.0;
					};
					E7F1789225391A4B009F59D1 = {
						CreatedOnToolsVersion = 12.0;
					};
					E7F1789A25391A4B009F59D1 = {
						CreatedOnToolsVersion = 12.0;
						LastSwiftMigration = 1200;
						TestTargetID = E7947FC024DF7CD5006B7859;
					};
				};
			};
			buildConfigurationList = E7947FBC24DF7CD5006B7859 /* Build configuration list for PBXProject "Busyless" */;
			compatibilityVersion = "Xcode 9.3";
			developmentRegion = en;
			hasScannedForEncodings = 0;
			knownRegions = (
				en,
				Base,
				"en-GB",
			);
			mainGroup = E7947FB824DF7CD5006B7859;
			packageReferences = (
				E7B2501B25BCCAAE0012556C /* XCRemoteSwiftPackageReference "ViewInspector" */,
			);
			productRefGroup = E7947FC224DF7CD5006B7859 /* Products */;
			projectDirPath = "";
			projectRoot = "";
			targets = (
				E7947FC024DF7CD5006B7859 /* Busyless */,
				E7F1789225391A4B009F59D1 /* BusylessDataLayer */,
				E7AE16A3252EA03000B5654F /* BusylessIntents */,
				E7947FD924DF7CD6006B7859 /* BusylessTests */,
				E7947FE424DF7CD6006B7859 /* BusylessUITests */,
				E7F1789A25391A4B009F59D1 /* BusylessDataLayerTests */,
			);
		};
/* End PBXProject section */

/* Begin PBXResourcesBuildPhase section */
		E7947FBF24DF7CD5006B7859 /* Resources */ = {
			isa = PBXResourcesBuildPhase;
			buildActionMask = 2147483647;
			files = (
				E7947FD424DF7CD6006B7859 /* LaunchScreen.storyboard in Resources */,
				E701F62825B136BA00B78551 /* Localizable.strings in Resources */,
				E7947FD124DF7CD6006B7859 /* PreviewAssets.xcassets in Resources */,
				E7947FCE24DF7CD6006B7859 /* Assets.xcassets in Resources */,
			);
			runOnlyForDeploymentPostprocessing = 0;
		};
		E7947FD824DF7CD6006B7859 /* Resources */ = {
			isa = PBXResourcesBuildPhase;
			buildActionMask = 2147483647;
			files = (
			);
			runOnlyForDeploymentPostprocessing = 0;
		};
		E7947FE324DF7CD6006B7859 /* Resources */ = {
			isa = PBXResourcesBuildPhase;
			buildActionMask = 2147483647;
			files = (
			);
			runOnlyForDeploymentPostprocessing = 0;
		};
		E7AE16A2252EA03000B5654F /* Resources */ = {
			isa = PBXResourcesBuildPhase;
			buildActionMask = 2147483647;
			files = (
			);
			runOnlyForDeploymentPostprocessing = 0;
		};
		E7F1789125391A4B009F59D1 /* Resources */ = {
			isa = PBXResourcesBuildPhase;
			buildActionMask = 2147483647;
			files = (
			);
			runOnlyForDeploymentPostprocessing = 0;
		};
		E7F1789925391A4B009F59D1 /* Resources */ = {
			isa = PBXResourcesBuildPhase;
			buildActionMask = 2147483647;
			files = (
			);
			runOnlyForDeploymentPostprocessing = 0;
		};
/* End PBXResourcesBuildPhase section */

/* Begin PBXShellScriptBuildPhase section */
		E7F6116024E2365E00CFABC8 /* SwiftLint */ = {
			isa = PBXShellScriptBuildPhase;
			buildActionMask = 2147483647;
			files = (
			);
			inputFileListPaths = (
			);
			inputPaths = (
			);
			name = SwiftLint;
			outputFileListPaths = (
			);
			outputPaths = (
			);
			runOnlyForDeploymentPostprocessing = 0;
			shellPath = /bin/sh;
			shellScript = "if which swiftlint >/dev/null; then\n  swiftlint\nelse\n  echo \"warning: SwiftLint not installed, download from https://github.com/realm/SwiftLint\"\nfi\n";
		};
/* End PBXShellScriptBuildPhase section */

/* Begin PBXSourcesBuildPhase section */
		E7947FBD24DF7CD5006B7859 /* Sources */ = {
			isa = PBXSourcesBuildPhase;
			buildActionMask = 2147483647;
			files = (
				E7619B522550EC9F00B06A24 /* MonthView.swift in Sources */,
				E726EEE5250B0D3700CBEAF5 /* Color+.swift in Sources */,
				E70A8987259969E7009EF078 /* InitialOnboardingView.swift in Sources */,
				E77AF01324EB2B7500E621C6 /* TimeInterval+.swift in Sources */,
				E709A85F25085A7600C518EE /* ActivityViewController.swift in Sources */,
				E780FC4824E9945000F9C2B6 /* NSManagedObject+.swift in Sources */,
				E7947FC524DF7CD5006B7859 /* BusylessApp.swift in Sources */,
				E77AF01524EB612A00E621C6 /* CategoryDetailView.swift in Sources */,
				E737A9F324FF1F570094746D /* ExportManager.swift in Sources */,
				E780FC4E24E9A5BE00F9C2B6 /* CategorySelection.swift in Sources */,
				E7CBC98D25B4CD7500533117 /* BusylessIntents.intentdefinition in Sources */,
				E7947FCC24DF7CD5006B7859 /* DayView.swift in Sources */,
				E70A89A2259C23B5009EF078 /* OnboardingShell.swift in Sources */,
				E70A89462591126E009EF078 /* ContextCategorySelection.swift in Sources */,
				E70A8993259969F4009EF078 /* LogOnboardingView.swift in Sources */,
				E796F20725479C8200F7106B /* DurationSlider.swift in Sources */,
				E7F6115A24E22A2600CFABC8 /* AddButton.swift in Sources */,
				E786CA4524E4967D00B27D8E /* TodayStatus.swift in Sources */,
				E75BFE4A254B93DF000A947B /* StatefullPreviewWrapper.swift in Sources */,
				E7A79BBA25B3707B00D8CB9D /* AddNewCategoryView.swift in Sources */,
				E70DCC74257D66B900B4F13D /* EnvironmentValues+.swift in Sources */,
				E7A79BA425B36C1B00D8CB9D /* ManageContextCategoryView.swift in Sources */,
				E7F6115C24E22F4200CFABC8 /* DurationPill.swift in Sources */,
				E70A899B259C239A009EF078 /* OnboardingContent.swift in Sources */,
				E786CA4324E488FF00B27D8E /* MainView.swift in Sources */,
				E73524F62536911600A60541 /* FirstResponderTextField.swift in Sources */,
				E736236A24E328BA00C6FFD3 /* CategoryRow.swift in Sources */,
				E780FC5524E9B37500F9C2B6 /* LogView.swift in Sources */,
				E7947FF824DF8072006B7859 /* AddNewActivityView.swift in Sources */,
				E7FD702E24E4C4F9001E2A95 /* SettingsView.swift in Sources */,
			);
			runOnlyForDeploymentPostprocessing = 0;
		};
		E7947FD624DF7CD6006B7859 /* Sources */ = {
			isa = PBXSourcesBuildPhase;
			buildActionMask = 2147483647;
			files = (
				E7336F97252D4FE8001414B4 /* TimeIntervalTests.swift in Sources */,
				E7B2500825BCC8980012556C /* DayViewTests.swift in Sources */,
				E7947FDF24DF7CD6006B7859 /* BusylessTests.swift in Sources */,
				E7BB91C825CDA88F007F764A /* LogViewTests.swift in Sources */,
				E780FC5324E9A7E000F9C2B6 /* CategoryTests.swift in Sources */,
				E7BB91B725CDA4C4007F764A /* DataStoreMock.swift in Sources */,
			);
			runOnlyForDeploymentPostprocessing = 0;
		};
		E7947FE124DF7CD6006B7859 /* Sources */ = {
			isa = PBXSourcesBuildPhase;
			buildActionMask = 2147483647;
			files = (
				E7B24FF325BCBA780012556C /* CommonFlows.swift in Sources */,
				E7947FEA24DF7CD6006B7859 /* BusylessUITests.swift in Sources */,
			);
			runOnlyForDeploymentPostprocessing = 0;
		};
		E7AE16A0252EA03000B5654F /* Sources */ = {
			isa = PBXSourcesBuildPhase;
			buildActionMask = 2147483647;
			files = (
				E7A79BCC25B3742D00D8CB9D /* BusylessIntents.intentdefinition in Sources */,
				E72C19AD25378D070009C935 /* AddNewActivityIntentHandler.swift in Sources */,
				E7AE16A7252EA03000B5654F /* IntentHandler.swift in Sources */,
			);
			runOnlyForDeploymentPostprocessing = 0;
		};
		E7F1788F25391A4B009F59D1 /* Sources */ = {
			isa = PBXSourcesBuildPhase;
			buildActionMask = 2147483647;
			files = (
				E71B3BAE255CCE210056677E /* Date+.swift in Sources */,
				E7F178BC25391B0D009F59D1 /* Busyless.xcdatamodeld in Sources */,
				E7F178DE25391BDF009F59D1 /* BLCategory.swift in Sources */,
				E70DCC47257C16E400B4F13D /* CategoryStore.swift in Sources */,
				E70DCC87257D692A00B4F13D /* UserConfigStore.swift in Sources */,
				E70DCC5E257D636400B4F13D /* DataStore.swift in Sources */,
				E7A79BCB25B3742D00D8CB9D /* BusylessIntents.intentdefinition in Sources */,
				E70A893A25910A0D009EF078 /* ContextCategory.swift in Sources */,
				E70DCC80257D692100B4F13D /* ActivityStore.swift in Sources */,
				E7F178D825391BDC009F59D1 /* Activity.swift in Sources */,
				E7F178E425391BE1009F59D1 /* UserConfig.swift in Sources */,
				E7F178C225391B10009F59D1 /* Persistence.swift in Sources */,
			);
			runOnlyForDeploymentPostprocessing = 0;
		};
		E7F1789725391A4B009F59D1 /* Sources */ = {
			isa = PBXSourcesBuildPhase;
			buildActionMask = 2147483647;
			files = (
				E75079A6253926E50060D010 /* BusylessDataLayerTests.swift in Sources */,
			);
			runOnlyForDeploymentPostprocessing = 0;
		};
/* End PBXSourcesBuildPhase section */

/* Begin PBXTargetDependency section */
		E7947FDC24DF7CD6006B7859 /* PBXTargetDependency */ = {
			isa = PBXTargetDependency;
			target = E7947FC024DF7CD5006B7859 /* Busyless */;
			targetProxy = E7947FDB24DF7CD6006B7859 /* PBXContainerItemProxy */;
		};
		E7947FE724DF7CD6006B7859 /* PBXTargetDependency */ = {
			isa = PBXTargetDependency;
			target = E7947FC024DF7CD5006B7859 /* Busyless */;
			targetProxy = E7947FE624DF7CD6006B7859 /* PBXContainerItemProxy */;
		};
		E7AE16AA252EA03000B5654F /* PBXTargetDependency */ = {
			isa = PBXTargetDependency;
			target = E7AE16A3252EA03000B5654F /* BusylessIntents */;
			targetProxy = E7AE16A9252EA03000B5654F /* PBXContainerItemProxy */;
		};
		E7F1789E25391A4B009F59D1 /* PBXTargetDependency */ = {
			isa = PBXTargetDependency;
			target = E7F1789225391A4B009F59D1 /* BusylessDataLayer */;
			targetProxy = E7F1789D25391A4B009F59D1 /* PBXContainerItemProxy */;
		};
		E7F178A025391A4B009F59D1 /* PBXTargetDependency */ = {
			isa = PBXTargetDependency;
			target = E7947FC024DF7CD5006B7859 /* Busyless */;
			targetProxy = E7F1789F25391A4B009F59D1 /* PBXContainerItemProxy */;
		};
		E7F178A725391A4B009F59D1 /* PBXTargetDependency */ = {
			isa = PBXTargetDependency;
			target = E7F1789225391A4B009F59D1 /* BusylessDataLayer */;
			targetProxy = E7F178A625391A4B009F59D1 /* PBXContainerItemProxy */;
		};
		E7F1792A25391CBB009F59D1 /* PBXTargetDependency */ = {
			isa = PBXTargetDependency;
			target = E7F1789225391A4B009F59D1 /* BusylessDataLayer */;
			targetProxy = E7F1792925391CBB009F59D1 /* PBXContainerItemProxy */;
		};
/* End PBXTargetDependency section */

/* Begin PBXVariantGroup section */
		E701F62A25B136BA00B78551 /* Localizable.strings */ = {
			isa = PBXVariantGroup;
			children = (
				E701F62925B136BA00B78551 /* en */,
				E701F63125B136ED00B78551 /* en-GB */,
			);
			name = Localizable.strings;
			sourceTree = "<group>";
		};
		E7947FD224DF7CD6006B7859 /* LaunchScreen.storyboard */ = {
			isa = PBXVariantGroup;
			children = (
				E7947FD324DF7CD6006B7859 /* Base */,
				E701F63025B136ED00B78551 /* en-GB */,
			);
			name = LaunchScreen.storyboard;
			sourceTree = "<group>";
		};
		E7A79BCE25B3742D00D8CB9D /* BusylessIntents.intentdefinition */ = {
			isa = PBXVariantGroup;
			children = (
				E7A79BCD25B3742D00D8CB9D /* Base */,
			);
			name = BusylessIntents.intentdefinition;
			sourceTree = "<group>";
		};
/* End PBXVariantGroup section */

/* Begin XCBuildConfiguration section */
		E7947FEC24DF7CD6006B7859 /* Debug */ = {
			isa = XCBuildConfiguration;
			buildSettings = {
				ALWAYS_SEARCH_USER_PATHS = NO;
				CLANG_ANALYZER_LOCALIZABILITY_NONLOCALIZED = YES;
				CLANG_ANALYZER_NONNULL = YES;
				CLANG_ANALYZER_NUMBER_OBJECT_CONVERSION = YES_AGGRESSIVE;
				CLANG_CXX_LANGUAGE_STANDARD = "gnu++14";
				CLANG_CXX_LIBRARY = "libc++";
				CLANG_ENABLE_MODULES = YES;
				CLANG_ENABLE_OBJC_ARC = YES;
				CLANG_ENABLE_OBJC_WEAK = YES;
				CLANG_WARN_BLOCK_CAPTURE_AUTORELEASING = YES;
				CLANG_WARN_BOOL_CONVERSION = YES;
				CLANG_WARN_COMMA = YES;
				CLANG_WARN_CONSTANT_CONVERSION = YES;
				CLANG_WARN_DEPRECATED_OBJC_IMPLEMENTATIONS = YES;
				CLANG_WARN_DIRECT_OBJC_ISA_USAGE = YES_ERROR;
				CLANG_WARN_DOCUMENTATION_COMMENTS = YES;
				CLANG_WARN_EMPTY_BODY = YES;
				CLANG_WARN_ENUM_CONVERSION = YES;
				CLANG_WARN_INFINITE_RECURSION = YES;
				CLANG_WARN_INT_CONVERSION = YES;
				CLANG_WARN_NON_LITERAL_NULL_CONVERSION = YES;
				CLANG_WARN_OBJC_IMPLICIT_RETAIN_SELF = YES;
				CLANG_WARN_OBJC_LITERAL_CONVERSION = YES;
				CLANG_WARN_OBJC_ROOT_CLASS = YES_ERROR;
				CLANG_WARN_QUOTED_INCLUDE_IN_FRAMEWORK_HEADER = YES;
				CLANG_WARN_RANGE_LOOP_ANALYSIS = YES;
				CLANG_WARN_STRICT_PROTOTYPES = YES;
				CLANG_WARN_SUSPICIOUS_MOVE = YES;
				CLANG_WARN_UNGUARDED_AVAILABILITY = YES_AGGRESSIVE;
				CLANG_WARN_UNREACHABLE_CODE = YES;
				CLANG_WARN__DUPLICATE_METHOD_MATCH = YES;
				COPY_PHASE_STRIP = NO;
				DEBUG_INFORMATION_FORMAT = dwarf;
				ENABLE_STRICT_OBJC_MSGSEND = YES;
				ENABLE_TESTABILITY = YES;
				GCC_C_LANGUAGE_STANDARD = gnu11;
				GCC_DYNAMIC_NO_PIC = NO;
				GCC_NO_COMMON_BLOCKS = YES;
				GCC_OPTIMIZATION_LEVEL = 0;
				GCC_PREPROCESSOR_DEFINITIONS = (
					"DEBUG=1",
					"$(inherited)",
				);
				GCC_WARN_64_TO_32_BIT_CONVERSION = YES;
				GCC_WARN_ABOUT_RETURN_TYPE = YES_ERROR;
				GCC_WARN_UNDECLARED_SELECTOR = YES;
				GCC_WARN_UNINITIALIZED_AUTOS = YES_AGGRESSIVE;
				GCC_WARN_UNUSED_FUNCTION = YES;
				GCC_WARN_UNUSED_VARIABLE = YES;
				IPHONEOS_DEPLOYMENT_TARGET = 15.0;
				MTL_ENABLE_DEBUG_INFO = INCLUDE_SOURCE;
				MTL_FAST_MATH = YES;
				ONLY_ACTIVE_ARCH = YES;
				SDKROOT = iphoneos;
				SWIFT_ACTIVE_COMPILATION_CONDITIONS = DEBUG;
				SWIFT_OPTIMIZATION_LEVEL = "-Onone";
			};
			name = Debug;
		};
		E7947FED24DF7CD6006B7859 /* Release */ = {
			isa = XCBuildConfiguration;
			buildSettings = {
				ALWAYS_SEARCH_USER_PATHS = NO;
				CLANG_ANALYZER_LOCALIZABILITY_NONLOCALIZED = YES;
				CLANG_ANALYZER_NONNULL = YES;
				CLANG_ANALYZER_NUMBER_OBJECT_CONVERSION = YES_AGGRESSIVE;
				CLANG_CXX_LANGUAGE_STANDARD = "gnu++14";
				CLANG_CXX_LIBRARY = "libc++";
				CLANG_ENABLE_MODULES = YES;
				CLANG_ENABLE_OBJC_ARC = YES;
				CLANG_ENABLE_OBJC_WEAK = YES;
				CLANG_WARN_BLOCK_CAPTURE_AUTORELEASING = YES;
				CLANG_WARN_BOOL_CONVERSION = YES;
				CLANG_WARN_COMMA = YES;
				CLANG_WARN_CONSTANT_CONVERSION = YES;
				CLANG_WARN_DEPRECATED_OBJC_IMPLEMENTATIONS = YES;
				CLANG_WARN_DIRECT_OBJC_ISA_USAGE = YES_ERROR;
				CLANG_WARN_DOCUMENTATION_COMMENTS = YES;
				CLANG_WARN_EMPTY_BODY = YES;
				CLANG_WARN_ENUM_CONVERSION = YES;
				CLANG_WARN_INFINITE_RECURSION = YES;
				CLANG_WARN_INT_CONVERSION = YES;
				CLANG_WARN_NON_LITERAL_NULL_CONVERSION = YES;
				CLANG_WARN_OBJC_IMPLICIT_RETAIN_SELF = YES;
				CLANG_WARN_OBJC_LITERAL_CONVERSION = YES;
				CLANG_WARN_OBJC_ROOT_CLASS = YES_ERROR;
				CLANG_WARN_QUOTED_INCLUDE_IN_FRAMEWORK_HEADER = YES;
				CLANG_WARN_RANGE_LOOP_ANALYSIS = YES;
				CLANG_WARN_STRICT_PROTOTYPES = YES;
				CLANG_WARN_SUSPICIOUS_MOVE = YES;
				CLANG_WARN_UNGUARDED_AVAILABILITY = YES_AGGRESSIVE;
				CLANG_WARN_UNREACHABLE_CODE = YES;
				CLANG_WARN__DUPLICATE_METHOD_MATCH = YES;
				COPY_PHASE_STRIP = NO;
				DEBUG_INFORMATION_FORMAT = "dwarf-with-dsym";
				ENABLE_NS_ASSERTIONS = NO;
				ENABLE_STRICT_OBJC_MSGSEND = YES;
				GCC_C_LANGUAGE_STANDARD = gnu11;
				GCC_NO_COMMON_BLOCKS = YES;
				GCC_WARN_64_TO_32_BIT_CONVERSION = YES;
				GCC_WARN_ABOUT_RETURN_TYPE = YES_ERROR;
				GCC_WARN_UNDECLARED_SELECTOR = YES;
				GCC_WARN_UNINITIALIZED_AUTOS = YES_AGGRESSIVE;
				GCC_WARN_UNUSED_FUNCTION = YES;
				GCC_WARN_UNUSED_VARIABLE = YES;
				IPHONEOS_DEPLOYMENT_TARGET = 15.0;
				MTL_ENABLE_DEBUG_INFO = NO;
				MTL_FAST_MATH = YES;
				SDKROOT = iphoneos;
				SWIFT_COMPILATION_MODE = wholemodule;
				SWIFT_OPTIMIZATION_LEVEL = "-O";
				VALIDATE_PRODUCT = YES;
			};
			name = Release;
		};
		E7947FEF24DF7CD6006B7859 /* Debug */ = {
			isa = XCBuildConfiguration;
			buildSettings = {
				ALWAYS_EMBED_SWIFT_STANDARD_LIBRARIES = YES;
				APPLICATION_EXTENSION_API_ONLY = YES;
				ASSETCATALOG_COMPILER_APPICON_NAME = AppIcon;
				CODE_SIGN_ENTITLEMENTS = Busyless/SupportingFiles/Busyless.entitlements;
				CODE_SIGN_STYLE = Automatic;
				CURRENT_PROJECT_VERSION = 1;
				DEVELOPMENT_ASSET_PATHS = "\"Busyless/SupportingFiles/PreviewContent\"";
				DEVELOPMENT_TEAM = DJPFLH48H5;
				ENABLE_PREVIEWS = YES;
				INFOPLIST_FILE = Busyless/SupportingFiles/Info.plist;
				LD_RUNPATH_SEARCH_PATHS = (
					"$(inherited)",
					"@executable_path/Frameworks",
				);
				MARKETING_VERSION = 0.0.1;
				PRODUCT_BUNDLE_IDENTIFIER = com.derrickshowers.busyless;
				PRODUCT_NAME = "$(TARGET_NAME)";
				SWIFT_VERSION = 5.0;
				TARGETED_DEVICE_FAMILY = "1,2";
			};
			name = Debug;
		};
		E7947FF024DF7CD6006B7859 /* Release */ = {
			isa = XCBuildConfiguration;
			buildSettings = {
				ALWAYS_EMBED_SWIFT_STANDARD_LIBRARIES = YES;
				APPLICATION_EXTENSION_API_ONLY = YES;
				ASSETCATALOG_COMPILER_APPICON_NAME = AppIcon;
				CODE_SIGN_ENTITLEMENTS = Busyless/SupportingFiles/Busyless.entitlements;
				CODE_SIGN_IDENTITY = "iPhone Distribution";
				CODE_SIGN_STYLE = Manual;
				CURRENT_PROJECT_VERSION = 1;
				DEVELOPMENT_ASSET_PATHS = "\"Busyless/SupportingFiles/PreviewContent\"";
				DEVELOPMENT_TEAM = DJPFLH48H5;
				ENABLE_PREVIEWS = YES;
				INFOPLIST_FILE = Busyless/SupportingFiles/Info.plist;
				LD_RUNPATH_SEARCH_PATHS = (
					"$(inherited)",
					"@executable_path/Frameworks",
				);
				MARKETING_VERSION = 0.0.1;
				PRODUCT_BUNDLE_IDENTIFIER = com.derrickshowers.busyless;
				PRODUCT_NAME = "$(TARGET_NAME)";
				PROVISIONING_PROFILE_SPECIFIER = "Busyless-AppStore";
				SWIFT_VERSION = 5.0;
				TARGETED_DEVICE_FAMILY = "1,2";
			};
			name = Release;
		};
		E7947FF224DF7CD6006B7859 /* Debug */ = {
			isa = XCBuildConfiguration;
			buildSettings = {
				ALWAYS_EMBED_SWIFT_STANDARD_LIBRARIES = YES;
				BUNDLE_LOADER = "$(TEST_HOST)";
				CODE_SIGN_STYLE = Automatic;
				INFOPLIST_FILE = BusylessTests/Info.plist;
				LD_RUNPATH_SEARCH_PATHS = (
					"$(inherited)",
					"@executable_path/Frameworks",
					"@loader_path/Frameworks",
				);
				PRODUCT_BUNDLE_IDENTIFIER = com.derrickshowers.BusylessTests;
				PRODUCT_NAME = "$(TARGET_NAME)";
				SWIFT_VERSION = 5.0;
				TARGETED_DEVICE_FAMILY = "1,2";
				TEST_HOST = "$(BUILT_PRODUCTS_DIR)/Busyless.app/Busyless";
			};
			name = Debug;
		};
		E7947FF324DF7CD6006B7859 /* Release */ = {
			isa = XCBuildConfiguration;
			buildSettings = {
				ALWAYS_EMBED_SWIFT_STANDARD_LIBRARIES = YES;
				BUNDLE_LOADER = "$(TEST_HOST)";
				CODE_SIGN_STYLE = Automatic;
				INFOPLIST_FILE = BusylessTests/Info.plist;
				LD_RUNPATH_SEARCH_PATHS = (
					"$(inherited)",
					"@executable_path/Frameworks",
					"@loader_path/Frameworks",
				);
				PRODUCT_BUNDLE_IDENTIFIER = com.derrickshowers.BusylessTests;
				PRODUCT_NAME = "$(TARGET_NAME)";
				SWIFT_VERSION = 5.0;
				TARGETED_DEVICE_FAMILY = "1,2";
				TEST_HOST = "$(BUILT_PRODUCTS_DIR)/Busyless.app/Busyless";
			};
			name = Release;
		};
		E7947FF524DF7CD6006B7859 /* Debug */ = {
			isa = XCBuildConfiguration;
			buildSettings = {
				ALWAYS_EMBED_SWIFT_STANDARD_LIBRARIES = YES;
				CODE_SIGN_STYLE = Automatic;
				INFOPLIST_FILE = BusylessUITests/Info.plist;
				LD_RUNPATH_SEARCH_PATHS = (
					"$(inherited)",
					"@executable_path/Frameworks",
					"@loader_path/Frameworks",
				);
				PRODUCT_BUNDLE_IDENTIFIER = com.derrickshowers.BusylessUITests;
				PRODUCT_NAME = "$(TARGET_NAME)";
				SWIFT_VERSION = 5.0;
				TARGETED_DEVICE_FAMILY = "1,2";
				TEST_TARGET_NAME = Busyless;
			};
			name = Debug;
		};
		E7947FF624DF7CD6006B7859 /* Release */ = {
			isa = XCBuildConfiguration;
			buildSettings = {
				ALWAYS_EMBED_SWIFT_STANDARD_LIBRARIES = YES;
				CODE_SIGN_STYLE = Automatic;
				INFOPLIST_FILE = BusylessUITests/Info.plist;
				LD_RUNPATH_SEARCH_PATHS = (
					"$(inherited)",
					"@executable_path/Frameworks",
					"@loader_path/Frameworks",
				);
				PRODUCT_BUNDLE_IDENTIFIER = com.derrickshowers.BusylessUITests;
				PRODUCT_NAME = "$(TARGET_NAME)";
				SWIFT_VERSION = 5.0;
				TARGETED_DEVICE_FAMILY = "1,2";
				TEST_TARGET_NAME = Busyless;
			};
			name = Release;
		};
		E7AE16AD252EA03000B5654F /* Debug */ = {
			isa = XCBuildConfiguration;
			buildSettings = {
				APPLICATION_EXTENSION_API_ONLY = YES;
				CODE_SIGN_ENTITLEMENTS = BusylessIntents/BusylessIntents.entitlements;
				CODE_SIGN_STYLE = Automatic;
				DEVELOPMENT_TEAM = DJPFLH48H5;
				INFOPLIST_FILE = BusylessIntents/Info.plist;
				LD_RUNPATH_SEARCH_PATHS = (
					"$(inherited)",
					"@executable_path/Frameworks",
					"@executable_path/../../Frameworks",
				);
				MARKETING_VERSION = 0.1.0;
				PRODUCT_BUNDLE_IDENTIFIER = com.derrickshowers.busyless.BusylessIntents;
				PRODUCT_NAME = "$(TARGET_NAME)";
				SKIP_INSTALL = YES;
				SWIFT_VERSION = 5.0;
				TARGETED_DEVICE_FAMILY = "1,2";
			};
			name = Debug;
		};
		E7AE16AE252EA03000B5654F /* Release */ = {
			isa = XCBuildConfiguration;
			buildSettings = {
				APPLICATION_EXTENSION_API_ONLY = YES;
				CODE_SIGN_ENTITLEMENTS = BusylessIntents/BusylessIntents.entitlements;
				CODE_SIGN_IDENTITY = "iPhone Distribution";
				CODE_SIGN_STYLE = Manual;
				DEVELOPMENT_TEAM = DJPFLH48H5;
				INFOPLIST_FILE = BusylessIntents/Info.plist;
				LD_RUNPATH_SEARCH_PATHS = (
					"$(inherited)",
					"@executable_path/Frameworks",
					"@executable_path/../../Frameworks",
				);
				MARKETING_VERSION = 0.1.0;
				PRODUCT_BUNDLE_IDENTIFIER = com.derrickshowers.busyless.BusylessIntents;
				PRODUCT_NAME = "$(TARGET_NAME)";
				PROVISIONING_PROFILE_SPECIFIER = "Busyless-Intents-AppStore";
				SKIP_INSTALL = YES;
				SWIFT_VERSION = 5.0;
				TARGETED_DEVICE_FAMILY = "1,2";
			};
			name = Release;
		};
		E7F178AB25391A4B009F59D1 /* Debug */ = {
			isa = XCBuildConfiguration;
			buildSettings = {
				APPLICATION_EXTENSION_API_ONLY = YES;
				CODE_SIGN_STYLE = Automatic;
				CURRENT_PROJECT_VERSION = 1;
				DEFINES_MODULE = YES;
				DEVELOPMENT_TEAM = DJPFLH48H5;
				DYLIB_COMPATIBILITY_VERSION = 1;
				DYLIB_CURRENT_VERSION = 1;
				DYLIB_INSTALL_NAME_BASE = "@rpath";
				INFOPLIST_FILE = BusylessDataLayer/Info.plist;
				INSTALL_PATH = "$(LOCAL_LIBRARY_DIR)/Frameworks";
				LD_RUNPATH_SEARCH_PATHS = (
					"$(inherited)",
					"@executable_path/Frameworks",
					"@loader_path/Frameworks",
				);
				PRODUCT_BUNDLE_IDENTIFIER = com.derrickshowers.BusylessDataLayer;
				PRODUCT_NAME = "$(TARGET_NAME:c99extidentifier)";
				SKIP_INSTALL = YES;
				SWIFT_VERSION = 5.0;
				TARGETED_DEVICE_FAMILY = "1,2";
				VERSIONING_SYSTEM = "apple-generic";
				VERSION_INFO_PREFIX = "";
			};
			name = Debug;
		};
		E7F178AC25391A4B009F59D1 /* Release */ = {
			isa = XCBuildConfiguration;
			buildSettings = {
				APPLICATION_EXTENSION_API_ONLY = YES;
				CODE_SIGN_IDENTITY = "iPhone Distribution";
				CODE_SIGN_STYLE = Manual;
				CURRENT_PROJECT_VERSION = 1;
				DEFINES_MODULE = YES;
				DEVELOPMENT_TEAM = DJPFLH48H5;
				DYLIB_COMPATIBILITY_VERSION = 1;
				DYLIB_CURRENT_VERSION = 1;
				DYLIB_INSTALL_NAME_BASE = "@rpath";
				INFOPLIST_FILE = BusylessDataLayer/Info.plist;
				INSTALL_PATH = "$(LOCAL_LIBRARY_DIR)/Frameworks";
				LD_RUNPATH_SEARCH_PATHS = (
					"$(inherited)",
					"@executable_path/Frameworks",
					"@loader_path/Frameworks",
				);
				PRODUCT_BUNDLE_IDENTIFIER = com.derrickshowers.BusylessDataLayer;
				PRODUCT_NAME = "$(TARGET_NAME:c99extidentifier)";
				PROVISIONING_PROFILE_SPECIFIER = "";
				"PROVISIONING_PROFILE_SPECIFIER[sdk=macosx*]" = "";
				SKIP_INSTALL = YES;
				SWIFT_VERSION = 5.0;
				TARGETED_DEVICE_FAMILY = "1,2";
				VERSIONING_SYSTEM = "apple-generic";
				VERSION_INFO_PREFIX = "";
			};
			name = Release;
		};
		E7F178AD25391A4B009F59D1 /* Debug */ = {
			isa = XCBuildConfiguration;
			buildSettings = {
				ALWAYS_EMBED_SWIFT_STANDARD_LIBRARIES = YES;
				CLANG_ENABLE_MODULES = YES;
				CODE_SIGN_STYLE = Automatic;
				DEVELOPMENT_TEAM = DJPFLH48H5;
				INFOPLIST_FILE = BusylessDataLayerTests/Info.plist;
				LD_RUNPATH_SEARCH_PATHS = (
					"$(inherited)",
					"@executable_path/Frameworks",
					"@loader_path/Frameworks",
				);
				PRODUCT_BUNDLE_IDENTIFIER = com.derrickshowers.BusylessDataLayerTests;
				PRODUCT_NAME = "$(TARGET_NAME)";
				SWIFT_OPTIMIZATION_LEVEL = "-Onone";
				SWIFT_VERSION = 5.0;
				TARGETED_DEVICE_FAMILY = "1,2";
				TEST_HOST = "$(BUILT_PRODUCTS_DIR)/Busyless.app/Busyless";
			};
			name = Debug;
		};
		E7F178AE25391A4B009F59D1 /* Release */ = {
			isa = XCBuildConfiguration;
			buildSettings = {
				ALWAYS_EMBED_SWIFT_STANDARD_LIBRARIES = YES;
				CLANG_ENABLE_MODULES = YES;
				CODE_SIGN_STYLE = Automatic;
				DEVELOPMENT_TEAM = DJPFLH48H5;
				INFOPLIST_FILE = BusylessDataLayerTests/Info.plist;
				LD_RUNPATH_SEARCH_PATHS = (
					"$(inherited)",
					"@executable_path/Frameworks",
					"@loader_path/Frameworks",
				);
				PRODUCT_BUNDLE_IDENTIFIER = com.derrickshowers.BusylessDataLayerTests;
				PRODUCT_NAME = "$(TARGET_NAME)";
				SWIFT_VERSION = 5.0;
				TARGETED_DEVICE_FAMILY = "1,2";
				TEST_HOST = "$(BUILT_PRODUCTS_DIR)/Busyless.app/Busyless";
			};
			name = Release;
		};
/* End XCBuildConfiguration section */

/* Begin XCConfigurationList section */
		E7947FBC24DF7CD5006B7859 /* Build configuration list for PBXProject "Busyless" */ = {
			isa = XCConfigurationList;
			buildConfigurations = (
				E7947FEC24DF7CD6006B7859 /* Debug */,
				E7947FED24DF7CD6006B7859 /* Release */,
			);
			defaultConfigurationIsVisible = 0;
			defaultConfigurationName = Release;
		};
		E7947FEE24DF7CD6006B7859 /* Build configuration list for PBXNativeTarget "Busyless" */ = {
			isa = XCConfigurationList;
			buildConfigurations = (
				E7947FEF24DF7CD6006B7859 /* Debug */,
				E7947FF024DF7CD6006B7859 /* Release */,
			);
			defaultConfigurationIsVisible = 0;
			defaultConfigurationName = Release;
		};
		E7947FF124DF7CD6006B7859 /* Build configuration list for PBXNativeTarget "BusylessTests" */ = {
			isa = XCConfigurationList;
			buildConfigurations = (
				E7947FF224DF7CD6006B7859 /* Debug */,
				E7947FF324DF7CD6006B7859 /* Release */,
			);
			defaultConfigurationIsVisible = 0;
			defaultConfigurationName = Release;
		};
		E7947FF424DF7CD6006B7859 /* Build configuration list for PBXNativeTarget "BusylessUITests" */ = {
			isa = XCConfigurationList;
			buildConfigurations = (
				E7947FF524DF7CD6006B7859 /* Debug */,
				E7947FF624DF7CD6006B7859 /* Release */,
			);
			defaultConfigurationIsVisible = 0;
			defaultConfigurationName = Release;
		};
		E7AE16AC252EA03000B5654F /* Build configuration list for PBXNativeTarget "BusylessIntents" */ = {
			isa = XCConfigurationList;
			buildConfigurations = (
				E7AE16AD252EA03000B5654F /* Debug */,
				E7AE16AE252EA03000B5654F /* Release */,
			);
			defaultConfigurationIsVisible = 0;
			defaultConfigurationName = Release;
		};
		E7F178AF25391A4B009F59D1 /* Build configuration list for PBXNativeTarget "BusylessDataLayer" */ = {
			isa = XCConfigurationList;
			buildConfigurations = (
				E7F178AB25391A4B009F59D1 /* Debug */,
				E7F178AC25391A4B009F59D1 /* Release */,
			);
			defaultConfigurationIsVisible = 0;
			defaultConfigurationName = Release;
		};
		E7F178B025391A4B009F59D1 /* Build configuration list for PBXNativeTarget "BusylessDataLayerTests" */ = {
			isa = XCConfigurationList;
			buildConfigurations = (
				E7F178AD25391A4B009F59D1 /* Debug */,
				E7F178AE25391A4B009F59D1 /* Release */,
			);
			defaultConfigurationIsVisible = 0;
			defaultConfigurationName = Release;
		};
/* End XCConfigurationList section */

/* Begin XCRemoteSwiftPackageReference section */
		E7B2501B25BCCAAE0012556C /* XCRemoteSwiftPackageReference "ViewInspector" */ = {
			isa = XCRemoteSwiftPackageReference;
			repositoryURL = "https://github.com/nalexn/ViewInspector";
			requirement = {
				kind = upToNextMajorVersion;
				minimumVersion = 0.6.1;
			};
		};
/* End XCRemoteSwiftPackageReference section */

/* Begin XCSwiftPackageProductDependency section */
		E7B2501C25BCCAAE0012556C /* ViewInspector */ = {
			isa = XCSwiftPackageProductDependency;
			package = E7B2501B25BCCAAE0012556C /* XCRemoteSwiftPackageReference "ViewInspector" */;
			productName = ViewInspector;
		};
/* End XCSwiftPackageProductDependency section */

/* Begin XCVersionGroup section */
		E79F6A3B24EC752E004F44B5 /* Busyless.xcdatamodeld */ = {
			isa = XCVersionGroup;
			children = (
				E79F6A3C24EC752E004F44B5 /* Busyless.xcdatamodel */,
			);
			currentVersion = E79F6A3C24EC752E004F44B5 /* Busyless.xcdatamodel */;
			path = Busyless.xcdatamodeld;
			sourceTree = "<group>";
			versionGroupType = wrapper.xcdatamodel;
		};
/* End XCVersionGroup section */
	};
	rootObject = E7947FB924DF7CD5006B7859 /* Project object */;
}
